
Microsoft Visual Studio Solution File, Format Version 12.00
# Visual Studio Version 17
VisualStudioVersion = 17.4.33403.182
MinimumVisualStudioVersion = 10.0.40219.1
Project("{FAE04EC0-301F-11D3-BF4B-00C04F79EFBC}") = "Interpolacao_Strings", "Interpolacao_Strings.csproj", "{760AD0DB-0EEE-4C46-9B90-4F7FC75B681D}"
EndProject
Global
	GlobalSection(SolutionConfigurationPlatforms) = preSolution
		Debug|Any CPU = Debug|Any CPU
		Release|Any CPU = Release|Any CPU
	EndGlobalSection
	GlobalSection(ProjectConfigurationPlatforms) = postSolution
		{760AD0DB-0EEE-4C46-9B90-4F7FC75B681D}.Debug|Any CPU.ActiveCfg = Debug|Any CPU
		{760AD0DB-0EEE-4C46-9B90-4F7FC75B681D}.Debug|Any CPU.Build.0 = Debug|Any CPU
		{760AD0DB-0EEE-4C46-9B90-4F7FC75B681D}.Release|Any CPU.ActiveCfg = Release|Any CPU
		{760AD0DB-0EEE-4C46-9B90-4F7FC75B681D}.Release|Any CPU.Build.0 = Release|Any CPU
	EndGlobalSection
	GlobalSection(SolutionProperties) = preSolution
		HideSolutionNode = FALSE
	EndGlobalSection
	GlobalSection(ExtensibilityGlobals) = postSolution
		SolutionGuid = {D16E8C5C-7969-4E62-B577-1974F80D1FA6}
	EndGlobalSection
EndGlobal
