
Microsoft Visual Studio Solution File, Format Version 12.00
# Visual Studio Version 17
VisualStudioVersion = 17.4.33403.182
MinimumVisualStudioVersion = 10.0.40219.1
Project("{FAE04EC0-301F-11D3-BF4B-00C04F79EFBC}") = "IniciandoComDatas", "IniciandoComDatas.csproj", "{FED16958-B34F-4018-9806-7AE46DE83FBB}"
EndProject
Global
	GlobalSection(SolutionConfigurationPlatforms) = preSolution
		Debug|Any CPU = Debug|Any CPU
		Release|Any CPU = Release|Any CPU
	EndGlobalSection
	GlobalSection(ProjectConfigurationPlatforms) = postSolution
		{FED16958-B34F-4018-9806-7AE46DE83FBB}.Debug|Any CPU.ActiveCfg = Debug|Any CPU
		{FED16958-B34F-4018-9806-7AE46DE83FBB}.Debug|Any CPU.Build.0 = Debug|Any CPU
		{FED16958-B34F-4018-9806-7AE46DE83FBB}.Release|Any CPU.ActiveCfg = Release|Any CPU
		{FED16958-B34F-4018-9806-7AE46DE83FBB}.Release|Any CPU.Build.0 = Release|Any CPU
	EndGlobalSection
	GlobalSection(SolutionProperties) = preSolution
		HideSolutionNode = FALSE
	EndGlobalSection
	GlobalSection(ExtensibilityGlobals) = postSolution
		SolutionGuid = {D2D90D90-803A-4779-BC3B-32F929BCC7E5}
	EndGlobalSection
EndGlobal
