
Microsoft Visual Studio Solution File, Format Version 12.00
# Visual Studio Version 17
VisualStudioVersion = 17.4.33403.182
MinimumVisualStudioVersion = 10.0.40219.1
Project("{FAE04EC0-301F-11D3-BF4B-00C04F79EFBC}") = "FormatandoDatas", "FormatandoDatas.csproj", "{FBB37576-EDD2-45E6-8C94-43FE1339B8C8}"
EndProject
Global
	GlobalSection(SolutionConfigurationPlatforms) = preSolution
		Debug|Any CPU = Debug|Any CPU
		Release|Any CPU = Release|Any CPU
	EndGlobalSection
	GlobalSection(ProjectConfigurationPlatforms) = postSolution
		{FBB37576-EDD2-45E6-8C94-43FE1339B8C8}.Debug|Any CPU.ActiveCfg = Debug|Any CPU
		{FBB37576-EDD2-45E6-8C94-43FE1339B8C8}.Debug|Any CPU.Build.0 = Debug|Any CPU
		{FBB37576-EDD2-45E6-8C94-43FE1339B8C8}.Release|Any CPU.ActiveCfg = Release|Any CPU
		{FBB37576-EDD2-45E6-8C94-43FE1339B8C8}.Release|Any CPU.Build.0 = Release|Any CPU
	EndGlobalSection
	GlobalSection(SolutionProperties) = preSolution
		HideSolutionNode = FALSE
	EndGlobalSection
	GlobalSection(ExtensibilityGlobals) = postSolution
		SolutionGuid = {16460844-0FD6-4456-B0C9-497017BF44D6}
	EndGlobalSection
EndGlobal
