
Microsoft Visual Studio Solution File, Format Version 12.00
# Visual Studio Version 17
VisualStudioVersion = 17.4.33403.182
MinimumVisualStudioVersion = 10.0.40219.1
Project("{FAE04EC0-301F-11D3-BF4B-00C04F79EFBC}") = "Arrays", "Arrays.csproj", "{AB86FA83-09B9-433D-8456-19A975DAA59B}"
EndProject
Global
	GlobalSection(SolutionConfigurationPlatforms) = preSolution
		Debug|Any CPU = Debug|Any CPU
		Release|Any CPU = Release|Any CPU
	EndGlobalSection
	GlobalSection(ProjectConfigurationPlatforms) = postSolution
		{AB86FA83-09B9-433D-8456-19A975DAA59B}.Debug|Any CPU.ActiveCfg = Debug|Any CPU
		{AB86FA83-09B9-433D-8456-19A975DAA59B}.Debug|Any CPU.Build.0 = Debug|Any CPU
		{AB86FA83-09B9-433D-8456-19A975DAA59B}.Release|Any CPU.ActiveCfg = Release|Any CPU
		{AB86FA83-09B9-433D-8456-19A975DAA59B}.Release|Any CPU.Build.0 = Release|Any CPU
	EndGlobalSection
	GlobalSection(SolutionProperties) = preSolution
		HideSolutionNode = FALSE
	EndGlobalSection
	GlobalSection(ExtensibilityGlobals) = postSolution
		SolutionGuid = {B93B27D4-6AEF-4E1B-9EDA-1282F7E98489}
	EndGlobalSection
EndGlobal
